
Microsoft Visual Studio Solution File, Format Version 12.00
# Visual Studio Version 16
VisualStudioVersion = 16.0.30804.86
MinimumVisualStudioVersion = 10.0.40219.1
Project("{FAE04EC0-301F-11D3-BF4B-00C04F79EFBC}") = "MOZART", "MOZART\MOZART.csproj", "{B48EE7BC-47CA-4B6C-A866-031918B48DDE}"
EndProject
Global
	GlobalSection(SolutionConfigurationPlatforms) = preSolution
		Debug|Any CPU = Debug|Any CPU
		Release|Any CPU = Release|Any CPU
	EndGlobalSection
	GlobalSection(ProjectConfigurationPlatforms) = postSolution
		{B48EE7BC-47CA-4B6C-A866-031918B48DDE}.Debug|Any CPU.ActiveCfg = Debug|Any CPU
		{B48EE7BC-47CA-4B6C-A866-031918B48DDE}.Debug|Any CPU.Build.0 = Debug|Any CPU
		{B48EE7BC-47CA-4B6C-A866-031918B48DDE}.Release|Any CPU.ActiveCfg = Release|Any CPU
		{B48EE7BC-47CA-4B6C-A866-031918B48DDE}.Release|Any CPU.Build.0 = Release|Any CPU
	EndGlobalSection
	GlobalSection(SolutionProperties) = preSolution
		HideSolutionNode = FALSE
	EndGlobalSection
	GlobalSection(ExtensibilityGlobals) = postSolution
		SolutionGuid = {C36312E9-7CED-407E-896A-03789F0C0BC8}
	EndGlobalSection
EndGlobal
